
Microsoft Visual Studio Solution File, Format Version 12.00
# Visual Studio Version 17
VisualStudioVersion = 17.0.31903.59
MinimumVisualStudioVersion = 10.0.40219.1
Project("{2150E333-8FDC-42A3-9474-1A3956D46DE8}") = "src", "src", "{B73090FB-C935-460A-BC35-085182BB3375}"
EndProject
Project("{FAE04EC0-301F-11D3-BF4B-00C04F79EFBC}") = "AIBar.Domain", "src\AIBar.Domain\AIBar.Domain.csproj", "{984AED88-802E-4844-9435-12C842163D94}"
EndProject
Project("{FAE04EC0-301F-11D3-BF4B-00C04F79EFBC}") = "AIBar.Application", "src\AIBar.Application\AIBar.Application.csproj", "{D1D5DCD9-AB48-4FDE-8555-298ECBB623A5}"
EndProject
Project("{FAE04EC0-301F-11D3-BF4B-00C04F79EFBC}") = "AIBar.Desktop", "src\AIBar.Desktop\AIBar.Desktop.csproj", "{DDA2B9FB-527A-4490-AFF6-A4C77D22D0EA}"
EndProject
Project("{2150E333-8FDC-42A3-9474-1A3956D46DE8}") = "tests", "tests", "{9135F1C3-DE4D-485B-B656-A6B3DC8D4AB8}"
EndProject
Project("{FAE04EC0-301F-11D3-BF4B-00C04F79EFBC}") = "AIBar.Domain.Tests", "tests\AIBar.Domain.Tests\AIBar.Domain.Tests.csproj", "{2FBA6A95-9279-4296-BABD-41B6BCAEDD90}"
EndProject
Project("{FAE04EC0-301F-11D3-BF4B-00C04F79EFBC}") = "AIBar.Packaging.ProcessHarness", "tests\AIBar.Packaging.ProcessHarness\AIBar.Packaging.ProcessHarness.csproj", "{7E46B5C2-420A-4C29-AEA2-F466974B2C21}"
EndProject
Project("{2150E333-8FDC-42A3-9474-1A3956D46DE8}") = "tools", "tools", "{0CA92BF2-27DA-4C5E-8414-EB95A8B2CDA4}"
EndProject
Project("{FAE04EC0-301F-11D3-BF4B-00C04F79EFBC}") = "AIBar.Packaging.Supervisor", "tools\AIBar.Packaging.Supervisor\AIBar.Packaging.Supervisor.csproj", "{356C2AC2-0DBF-42AB-B637-C0CE23F99EEF}"
EndProject
Project("{FAE04EC0-301F-11D3-BF4B-00C04F79EFBC}") = "AIBar.Packaging.Supervisor.Core", "tools\AIBar.Packaging.Supervisor.Core\AIBar.Packaging.Supervisor.Core.csproj", "{A1BFC4D4-C97B-4BD5-A34A-147B489A3E9E}"
EndProject
Project("{FAE04EC0-301F-11D3-BF4B-00C04F79EFBC}") = "AIBar.Packaging.Supervisor.C2Authority", "tools\AIBar.Packaging.Supervisor.C2Authority\AIBar.Packaging.Supervisor.C2Authority.csproj", "{CF5B8208-64E5-4E50-BAD3-6E687CE7D9C4}"
EndProject
Project("{FAE04EC0-301F-11D3-BF4B-00C04F79EFBC}") = "AIBar.Packaging.Supervisor.Authority.Testing", "tests\AIBar.Packaging.Supervisor.Authority.Testing\AIBar.Packaging.Supervisor.Authority.Testing.csproj", "{3FA4071D-52D8-4B3A-B0CC-5A0912D9A568}"
EndProject
Global
	GlobalSection(SolutionConfigurationPlatforms) = preSolution
		Debug|Any CPU = Debug|Any CPU
		Release|Any CPU = Release|Any CPU
	EndGlobalSection
	GlobalSection(SolutionProperties) = preSolution
		HideSolutionNode = FALSE
	EndGlobalSection
	GlobalSection(ProjectConfigurationPlatforms) = postSolution
		{984AED88-802E-4844-9435-12C842163D94}.Debug|Any CPU.ActiveCfg = Debug|Any CPU
		{984AED88-802E-4844-9435-12C842163D94}.Debug|Any CPU.Build.0 = Debug|Any CPU
		{984AED88-802E-4844-9435-12C842163D94}.Release|Any CPU.ActiveCfg = Release|Any CPU
		{984AED88-802E-4844-9435-12C842163D94}.Release|Any CPU.Build.0 = Release|Any CPU
		{D1D5DCD9-AB48-4FDE-8555-298ECBB623A5}.Debug|Any CPU.ActiveCfg = Debug|Any CPU
		{D1D5DCD9-AB48-4FDE-8555-298ECBB623A5}.Debug|Any CPU.Build.0 = Debug|Any CPU
		{D1D5DCD9-AB48-4FDE-8555-298ECBB623A5}.Release|Any CPU.ActiveCfg = Release|Any CPU
		{D1D5DCD9-AB48-4FDE-8555-298ECBB623A5}.Release|Any CPU.Build.0 = Release|Any CPU
		{DDA2B9FB-527A-4490-AFF6-A4C77D22D0EA}.Debug|Any CPU.ActiveCfg = Debug|Any CPU
		{DDA2B9FB-527A-4490-AFF6-A4C77D22D0EA}.Debug|Any CPU.Build.0 = Debug|Any CPU
		{DDA2B9FB-527A-4490-AFF6-A4C77D22D0EA}.Release|Any CPU.ActiveCfg = Release|Any CPU
		{DDA2B9FB-527A-4490-AFF6-A4C77D22D0EA}.Release|Any CPU.Build.0 = Release|Any CPU
		{2FBA6A95-9279-4296-BABD-41B6BCAEDD90}.Debug|Any CPU.ActiveCfg = Debug|Any CPU
		{2FBA6A95-9279-4296-BABD-41B6BCAEDD90}.Debug|Any CPU.Build.0 = Debug|Any CPU
		{2FBA6A95-9279-4296-BABD-41B6BCAEDD90}.Release|Any CPU.ActiveCfg = Release|Any CPU
		{2FBA6A95-9279-4296-BABD-41B6BCAEDD90}.Release|Any CPU.Build.0 = Release|Any CPU
		{7E46B5C2-420A-4C29-AEA2-F466974B2C21}.Debug|Any CPU.ActiveCfg = Debug|Any CPU
		{7E46B5C2-420A-4C29-AEA2-F466974B2C21}.Debug|Any CPU.Build.0 = Debug|Any CPU
		{7E46B5C2-420A-4C29-AEA2-F466974B2C21}.Release|Any CPU.ActiveCfg = Release|Any CPU
		{7E46B5C2-420A-4C29-AEA2-F466974B2C21}.Release|Any CPU.Build.0 = Release|Any CPU
		{356C2AC2-0DBF-42AB-B637-C0CE23F99EEF}.Debug|Any CPU.ActiveCfg = Debug|Any CPU
		{356C2AC2-0DBF-42AB-B637-C0CE23F99EEF}.Debug|Any CPU.Build.0 = Debug|Any CPU
		{356C2AC2-0DBF-42AB-B637-C0CE23F99EEF}.Release|Any CPU.ActiveCfg = Release|Any CPU
		{356C2AC2-0DBF-42AB-B637-C0CE23F99EEF}.Release|Any CPU.Build.0 = Release|Any CPU
		{A1BFC4D4-C97B-4BD5-A34A-147B489A3E9E}.Debug|Any CPU.ActiveCfg = Debug|Any CPU
		{A1BFC4D4-C97B-4BD5-A34A-147B489A3E9E}.Debug|Any CPU.Build.0 = Debug|Any CPU
		{A1BFC4D4-C97B-4BD5-A34A-147B489A3E9E}.Release|Any CPU.ActiveCfg = Release|Any CPU
		{A1BFC4D4-C97B-4BD5-A34A-147B489A3E9E}.Release|Any CPU.Build.0 = Release|Any CPU
		{CF5B8208-64E5-4E50-BAD3-6E687CE7D9C4}.Debug|Any CPU.ActiveCfg = Debug|Any CPU
		{CF5B8208-64E5-4E50-BAD3-6E687CE7D9C4}.Debug|Any CPU.Build.0 = Debug|Any CPU
		{CF5B8208-64E5-4E50-BAD3-6E687CE7D9C4}.Release|Any CPU.ActiveCfg = Release|Any CPU
		{CF5B8208-64E5-4E50-BAD3-6E687CE7D9C4}.Release|Any CPU.Build.0 = Release|Any CPU
		{3FA4071D-52D8-4B3A-B0CC-5A0912D9A568}.Debug|Any CPU.ActiveCfg = Debug|Any CPU
		{3FA4071D-52D8-4B3A-B0CC-5A0912D9A568}.Debug|Any CPU.Build.0 = Debug|Any CPU
		{3FA4071D-52D8-4B3A-B0CC-5A0912D9A568}.Release|Any CPU.ActiveCfg = Release|Any CPU
		{3FA4071D-52D8-4B3A-B0CC-5A0912D9A568}.Release|Any CPU.Build.0 = Release|Any CPU
	EndGlobalSection
	GlobalSection(NestedProjects) = preSolution
		{984AED88-802E-4844-9435-12C842163D94} = {B73090FB-C935-460A-BC35-085182BB3375}
		{D1D5DCD9-AB48-4FDE-8555-298ECBB623A5} = {B73090FB-C935-460A-BC35-085182BB3375}
		{DDA2B9FB-527A-4490-AFF6-A4C77D22D0EA} = {B73090FB-C935-460A-BC35-085182BB3375}
		{2FBA6A95-9279-4296-BABD-41B6BCAEDD90} = {9135F1C3-DE4D-485B-B656-A6B3DC8D4AB8}
		{7E46B5C2-420A-4C29-AEA2-F466974B2C21} = {9135F1C3-DE4D-485B-B656-A6B3DC8D4AB8}
		{356C2AC2-0DBF-42AB-B637-C0CE23F99EEF} = {0CA92BF2-27DA-4C5E-8414-EB95A8B2CDA4}
		{A1BFC4D4-C97B-4BD5-A34A-147B489A3E9E} = {0CA92BF2-27DA-4C5E-8414-EB95A8B2CDA4}
		{CF5B8208-64E5-4E50-BAD3-6E687CE7D9C4} = {0CA92BF2-27DA-4C5E-8414-EB95A8B2CDA4}
		{3FA4071D-52D8-4B3A-B0CC-5A0912D9A568} = {9135F1C3-DE4D-485B-B656-A6B3DC8D4AB8}
	EndGlobalSection
EndGlobal
